<?xml version="1.0" encoding="utf-8"?>
<Project ToolsVersion="4.0" xmlns="http://schemas.microsoft.com/developer/msbuild/2003">
  <ItemGroup>
    <Filter Include="Source files">
      <UniqueIdentifier>{ad90abd5-b9aa-4184-a98b-a0ea4380eb33}</UniqueIdentifier>
      <Extensions>cpp;c;cc;cxx;def;odl;idl;hpj;bat;asm;asmx</Extensions>
    </Filter>
    <Filter Include="Header files">
      <UniqueIdentifier>{be3bfe99-3b99-435b-90cb-a95fc13a3932}</UniqueIdentifier>
      <Extensions>h;hpp;hxx;hm;inl;inc;xsd</Extensions>
    </Filter>
    <Filter Include="Resource files">
      <UniqueIdentifier>{d508feb1-d982-46ec-8441-1166d2bfbaca}</UniqueIdentifier>
      <Extensions>rc;ico;cur;bmp;dlg;rc2;rct;bin;rgs;gif;jpg;jpeg;jpe;resx;tiff;tif;png;wav</Extensions>
    </Filter>
    <Filter Include="Source files\Application">
      <UniqueIdentifier>{b3c7b301-e0be-4af2-89e5-eea5902ff42b}</UniqueIdentifier>
    </Filter>
    <Filter Include="Source files\Application\MDK-ARM">
      <UniqueIdentifier>{2dcabdb8-4c1c-427c-9c7f-b61d6e365b30}</UniqueIdentifier>
    </Filter>
    <Filter Include="Source files\Application\User">
      <UniqueIdentifier>{21c02d0c-fb6e-4d05-aead-d025f3056097}</UniqueIdentifier>
    </Filter>
    <Filter Include="Source files\Drivers">
      <UniqueIdentifier>{3a6d2368-0df8-4246-9403-4dca4276d638}</UniqueIdentifier>
    </Filter>
    <Filter Include="Source files\Drivers\CMSIS">
      <UniqueIdentifier>{dab006ea-0bdd-4098-bab1-e810dc20e7ed}</UniqueIdentifier>
    </Filter>
    <Filter Include="Source files\Drivers\STM32F2xx_HAL_Driver">
      <UniqueIdentifier>{6c6846aa-c152-4856-9a8e-3143b74030a9}</UniqueIdentifier>
    </Filter>
    <Filter Include="Source files\::CMSIS">
      <UniqueIdentifier>{a371bc44-a614-4727-9495-8d3570ab9c66}</UniqueIdentifier>
    </Filter>
    <Filter Include="Source files\Device-specific files">
      <UniqueIdentifier>{d60503af-cc4d-47a2-b586-bfe26587afa6}</UniqueIdentifier>
    </Filter>
    <Filter Include="Header files\Application">
      <UniqueIdentifier>{3f85da45-4d47-40bc-acd6-0342b47907b1}</UniqueIdentifier>
    </Filter>
    <Filter Include="Header files\Application\MDK-ARM">
      <UniqueIdentifier>{05cae14d-1786-4498-afa5-d4dd36504003}</UniqueIdentifier>
    </Filter>
    <Filter Include="Header files\Application\User">
      <UniqueIdentifier>{cc0afe8d-101f-4f6a-9685-e69c63f0fc38}</UniqueIdentifier>
    </Filter>
    <Filter Include="Header files\Drivers">
      <UniqueIdentifier>{94e7593a-937c-496e-86c8-7988230ed924}</UniqueIdentifier>
    </Filter>
    <Filter Include="Header files\Drivers\CMSIS">
      <UniqueIdentifier>{afae88c1-6f7b-48d6-a011-3cc251a0d517}</UniqueIdentifier>
    </Filter>
    <Filter Include="Header files\Drivers\STM32F2xx_HAL_Driver">
      <UniqueIdentifier>{1a5e2bea-ed6b-4af9-9487-eed99b6758fb}</UniqueIdentifier>
    </Filter>
    <Filter Include="Header files\::CMSIS">
      <UniqueIdentifier>{9f547506-c2c9-4eb7-8dd0-bf5a84b08b87}</UniqueIdentifier>
    </Filter>
    <Filter Include="Header files\Device-specific files">
      <UniqueIdentifier>{e8819897-b4f7-4169-bb36-bd332bfb70cf}</UniqueIdentifier>
    </Filter>
    <Filter Include="VisualGDB settings">
      <UniqueIdentifier>{fb12c2b6-bd0e-4862-baba-d339aa78d1f2}</UniqueIdentifier>
    </Filter>
    <Filter Include="Source files\Device-specific files\Semihosting/Profiler">
      <UniqueIdentifier>{a1421c80-77f7-457f-ac2f-a355e3214aea}</UniqueIdentifier>
    </Filter>
    <Filter Include="Header files\Device-specific files\Semihosting/Profiler">
      <UniqueIdentifier>{149f3f24-a123-434a-a447-d7e38d45a91e}</UniqueIdentifier>
    </Filter>
  </ItemGroup>
  <ItemGroup>
    <ClCompile Include="..\Src\stm32f2xx_it.c">
      <Filter>Source files\Application\User</Filter>
    </ClCompile>
    <ClCompile Include="..\Src\stm32f2xx_hal_msp.c">
      <Filter>Source files\Application\User</Filter>
    </ClCompile>
    <ClCompile Include="..\Src\main.c">
      <Filter>Source files\Application\User</Filter>
    </ClCompile>
    <ClCompile Include="..\Src\system_stm32f2xx.c">
      <Filter>Source files\Drivers\CMSIS</Filter>
    </ClCompile>
    <ClCompile Include="..\Drivers\STM32F2xx_HAL_Driver\Src\stm32f2xx_hal_tim.c">
      <Filter>Source files\Drivers\STM32F2xx_HAL_Driver</Filter>
    </ClCompile>
    <ClCompile Include="..\Drivers\STM32F2xx_HAL_Driver\Src\stm32f2xx_hal_dma_ex.c">
      <Filter>Source files\Drivers\STM32F2xx_HAL_Driver</Filter>
    </ClCompile>
    <ClCompile Include="..\Drivers\STM32F2xx_HAL_Driver\Src\stm32f2xx_hal_cortex.c">
      <Filter>Source files\Drivers\STM32F2xx_HAL_Driver</Filter>
    </ClCompile>
    <ClCompile Include="..\Drivers\STM32F2xx_HAL_Driver\Src\stm32f2xx_hal_flash.c">
      <Filter>Source files\Drivers\STM32F2xx_HAL_Driver</Filter>
    </ClCompile>
    <ClCompile Include="..\Drivers\STM32F2xx_HAL_Driver\Src\stm32f2xx_hal_tim_ex.c">
      <Filter>Source files\Drivers\STM32F2xx_HAL_Driver</Filter>
    </ClCompile>
    <ClCompile Include="..\Drivers\STM32F2xx_HAL_Driver\Src\stm32f2xx_hal_irda.c">
      <Filter>Source files\Drivers\STM32F2xx_HAL_Driver</Filter>
    </ClCompile>
    <ClCompile Include="..\Drivers\STM32F2xx_HAL_Driver\Src\stm32f2xx_hal_rcc.c">
      <Filter>Source files\Drivers\STM32F2xx_HAL_Driver</Filter>
    </ClCompile>
    <ClCompile Include="..\Drivers\STM32F2xx_HAL_Driver\Src\stm32f2xx_hal_rcc_ex.c">
      <Filter>Source files\Drivers\STM32F2xx_HAL_Driver</Filter>
    </ClCompile>
    <ClCompile Include="..\Drivers\STM32F2xx_HAL_Driver\Src\stm32f2xx_hal_pwr_ex.c">
      <Filter>Source files\Drivers\STM32F2xx_HAL_Driver</Filter>
    </ClCompile>
    <ClCompile Include="..\Drivers\STM32F2xx_HAL_Driver\Src\stm32f2xx_hal_gpio.c">
      <Filter>Source files\Drivers\STM32F2xx_HAL_Driver</Filter>
    </ClCompile>
    <ClCompile Include="..\Drivers\STM32F2xx_HAL_Driver\Src\stm32f2xx_hal_flash_ex.c">
      <Filter>Source files\Drivers\STM32F2xx_HAL_Driver</Filter>
    </ClCompile>
    <ClCompile Include="..\Drivers\STM32F2xx_HAL_Driver\Src\stm32f2xx_hal_pwr.c">
      <Filter>Source files\Drivers\STM32F2xx_HAL_Driver</Filter>
    </ClCompile>
    <ClCompile Include="..\Drivers\STM32F2xx_HAL_Driver\Src\stm32f2xx_hal_dma.c">
      <Filter>Source files\Drivers\STM32F2xx_HAL_Driver</Filter>
    </ClCompile>
    <ClCompile Include="..\Drivers\STM32F2xx_HAL_Driver\Src\stm32f2xx_hal_spi.c">
      <Filter>Source files\Drivers\STM32F2xx_HAL_Driver</Filter>
    </ClCompile>
    <ClCompile Include="..\Drivers\STM32F2xx_HAL_Driver\Src\stm32f2xx_hal.c">
      <Filter>Source files\Drivers\STM32F2xx_HAL_Driver</Filter>
    </ClCompile>
    <None Include="stm32.props">
      <Filter>Source files\Device-specific files</Filter>
    </None>
    <ClCompile Include="$(BSP_ROOT)\STM32F2xxxx\StartupFiles\startup_stm32f205xx.c">
      <Filter>Source files\Device-specific files</Filter>
    </ClCompile>
    <None Include="SwarmTopBoard-Debug.vgdbsettings">
      <Filter>VisualGDB settings</Filter>
    </None>
    <None Include="SwarmTopBoard-Release.vgdbsettings">
      <Filter>VisualGDB settings</Filter>
    </None>
    <None Include="stm32.xml">
      <Filter>VisualGDB settings</Filter>
    </None>
    <ClCompile Include="$(EFP_BASE)\Profiler\FastSemihosting.cpp">
      <Filter>Source files\Device-specific files\Semihosting/Profiler</Filter>
    </ClCompile>
    <ClCompile Include="$(EFP_BASE)\Profiler\SamplingProfiler.cpp">
      <Filter>Source files\Device-specific files\Semihosting/Profiler</Filter>
    </ClCompile>
    <ClCompile Include="$(EFP_BASE)\Profiler\InstrumentingProfiler.cpp">
      <Filter>Source files\Device-specific files\Semihosting/Profiler</Filter>
    </ClCompile>
    <ClCompile Include="$(EFP_BASE)\Profiler\ProfilerRTOS_FreeRTOS.c">
      <Filter>Source files\Device-specific files\Semihosting/Profiler</Filter>
    </ClCompile>
    <ClInclude Include="$(EFP_BASE)\Profiler\SysprogsProfiler.h">
      <Filter>Header files\Device-specific files\Semihosting/Profiler</Filter>
    </ClInclude>
    <ClInclude Include="$(EFP_BASE)\Profiler\SmallNumberCoder.h">
      <Filter>Header files\Device-specific files\Semihosting/Profiler</Filter>
    </ClInclude>
    <ClInclude Include="$(EFP_BASE)\Profiler\SysprogsProfilerInterface.h">
      <Filter>Header files\Device-specific files\Semihosting/Profiler</Filter>
    </ClInclude>
    <ClInclude Include="$(EFP_BASE)\Profiler\ProfilerFreeRTOSHooks.h">
      <Filter>Header files\Device-specific files\Semihosting/Profiler</Filter>
    </ClInclude>
    <ClInclude Include="$(EFP_BASE)\Profiler\CustomRealTimeWatches.h">
      <Filter>Header files\Device-specific files\Semihosting/Profiler</Filter>
    </ClInclude>
  </ItemGroup>
  <ItemGroup>
    <ClInclude Include="..\Inc\main.h">
      <Filter>Header files\Application\User</Filter>
    </ClInclude>
    <ClInclude Include="..\Inc\stm32f2xx_hal_conf.h">
      <Filter>Header files\Application\User</Filter>
    </ClInclude>
    <ClInclude Include="..\Inc\stm32f2xx_it.h">
      <Filter>Header files\Application\User</Filter>
    </ClInclude>
  </ItemGroup>
</Project>